
Microsoft Visual Studio Solution File, Format Version 12.00
# Visual Studio 15
VisualStudioVersion = 15.0.28307.421
MinimumVisualStudioVersion = 10.0.40219.1
Project("{FAE04EC0-301F-11D3-BF4B-00C04F79EFBC}") = "FSARGUI", "FSARGUI\FSARGUI.csproj", "{7C1BDFEA-1072-4014-9188-87F0EE9448A8}"
EndProject
Project("{9A19103F-16F7-4668-BE54-9A1E7A4F7556}") = "FSARLib", "FSARLib\FSARLib.csproj", "{50E063DC-B11B-4013-A039-38A36F557375}"
EndProject
Project("{9A19103F-16F7-4668-BE54-9A1E7A4F7556}") = "NoFrill.Common", "NoFrill.Common\NoFrill.Common.csproj", "{C51EEAE3-93DD-4DA6-AE83-93D73EA2D468}"
EndProject
Global
	GlobalSection(SolutionConfigurationPlatforms) = preSolution
		Debug|Any CPU = Debug|Any CPU
		Release|Any CPU = Release|Any CPU
	EndGlobalSection
	GlobalSection(ProjectConfigurationPlatforms) = postSolution
		{7C1BDFEA-1072-4014-9188-87F0EE9448A8}.Debug|Any CPU.ActiveCfg = Debug|Any CPU
		{7C1BDFEA-1072-4014-9188-87F0EE9448A8}.Debug|Any CPU.Build.0 = Debug|Any CPU
		{7C1BDFEA-1072-4014-9188-87F0EE9448A8}.Release|Any CPU.ActiveCfg = Release|Any CPU
		{7C1BDFEA-1072-4014-9188-87F0EE9448A8}.Release|Any CPU.Build.0 = Release|Any CPU
		{50E063DC-B11B-4013-A039-38A36F557375}.Debug|Any CPU.ActiveCfg = Debug|Any CPU
		{50E063DC-B11B-4013-A039-38A36F557375}.Debug|Any CPU.Build.0 = Debug|Any CPU
		{50E063DC-B11B-4013-A039-38A36F557375}.Release|Any CPU.ActiveCfg = Release|Any CPU
		{50E063DC-B11B-4013-A039-38A36F557375}.Release|Any CPU.Build.0 = Release|Any CPU
		{C51EEAE3-93DD-4DA6-AE83-93D73EA2D468}.Debug|Any CPU.ActiveCfg = Debug|Any CPU
		{C51EEAE3-93DD-4DA6-AE83-93D73EA2D468}.Debug|Any CPU.Build.0 = Debug|Any CPU
		{C51EEAE3-93DD-4DA6-AE83-93D73EA2D468}.Release|Any CPU.ActiveCfg = Release|Any CPU
		{C51EEAE3-93DD-4DA6-AE83-93D73EA2D468}.Release|Any CPU.Build.0 = Release|Any CPU
	EndGlobalSection
	GlobalSection(SolutionProperties) = preSolution
		HideSolutionNode = FALSE
	EndGlobalSection
	GlobalSection(ExtensibilityGlobals) = postSolution
		SolutionGuid = {3A7274AE-6E5D-4953-8775-F3D8092CF044}
	EndGlobalSection
EndGlobal
